
Microsoft Visual Studio Solution File, Format Version 12.00
# Visual Studio Version 17
VisualStudioVersion = 17.11.35222.181
MinimumVisualStudioVersion = 10.0.40219.1
Project("{FAE04EC0-301F-11D3-BF4B-00C04F79EFBC}") = "PushPopTestTask", "PushPopTestTask\PushPopTestTask.csproj", "{F02C37EC-3C99-4787-871C-B111107C3C8F}"
EndProject
Global
	GlobalSection(SolutionConfigurationPlatforms) = preSolution
		Debug|Any CPU = Debug|Any CPU
		Release|Any CPU = Release|Any CPU
	EndGlobalSection
	GlobalSection(ProjectConfigurationPlatforms) = postSolution
		{F02C37EC-3C99-4787-871C-B111107C3C8F}.Debug|Any CPU.ActiveCfg = Debug|Any CPU
		{F02C37EC-3C99-4787-871C-B111107C3C8F}.Debug|Any CPU.Build.0 = Debug|Any CPU
		{F02C37EC-3C99-4787-871C-B111107C3C8F}.Release|Any CPU.ActiveCfg = Release|Any CPU
		{F02C37EC-3C99-4787-871C-B111107C3C8F}.Release|Any CPU.Build.0 = Release|Any CPU
	EndGlobalSection
	GlobalSection(SolutionProperties) = preSolution
		HideSolutionNode = FALSE
	EndGlobalSection
	GlobalSection(ExtensibilityGlobals) = postSolution
		SolutionGuid = {984CD7B3-AE6F-43B2-88E6-B8B9D6F67755}
	EndGlobalSection
EndGlobal
